
Microsoft Visual Studio Solution File, Format Version 12.00
# Visual Studio Version 17
VisualStudioVersion = 17.11.35327.3
MinimumVisualStudioVersion = 10.0.40219.1
Project("{FAE04EC0-301F-11D3-BF4B-00C04F79EFBC}") = "Task2-Api", "Task2-Api\Task2-Api.csproj", "{8323A145-BA5D-47B0-A578-1C4937A765EA}"
EndProject
Global
	GlobalSection(SolutionConfigurationPlatforms) = preSolution
		Debug|Any CPU = Debug|Any CPU
		Release|Any CPU = Release|Any CPU
	EndGlobalSection
	GlobalSection(ProjectConfigurationPlatforms) = postSolution
		{8323A145-BA5D-47B0-A578-1C4937A765EA}.Debug|Any CPU.ActiveCfg = Debug|Any CPU
		{8323A145-BA5D-47B0-A578-1C4937A765EA}.Debug|Any CPU.Build.0 = Debug|Any CPU
		{8323A145-BA5D-47B0-A578-1C4937A765EA}.Release|Any CPU.ActiveCfg = Release|Any CPU
		{8323A145-BA5D-47B0-A578-1C4937A765EA}.Release|Any CPU.Build.0 = Release|Any CPU
	EndGlobalSection
	GlobalSection(SolutionProperties) = preSolution
		HideSolutionNode = FALSE
	EndGlobalSection
	GlobalSection(ExtensibilityGlobals) = postSolution
		SolutionGuid = {DEE55EF2-41E3-46AA-8A05-65F7DB51470F}
	EndGlobalSection
EndGlobal
